// !$*UTF8*$!
{
	archiveVersion = 1;
	classes = {
	};
	objectVersion = 77;
	objects = {

/* Begin PBXBuildFile section */
		3841D3F72FF667B5006A7D83 /* Swinject in Frameworks */ = {isa = PBXBuildFile; productRef = 3841D3F62FF667B5006A7D83 /* Swinject */; };
		3842C2F62FF766CA003A9C6A /* Kingfisher in Frameworks */ = {isa = PBXBuildFile; productRef = 3842C2F52FF766CA003A9C6A /* Kingfisher */; };
		389F77F32FFA63C200ADD710 /* Localizable.xcstrings in Resources */ = {isa = PBXBuildFile; fileRef = 389F77F12FFA63C200ADD710 /* Localizable.xcstrings */; };
		38A967602FFE93E2003852A2 /* NotificationService.appex in Embed Foundation Extensions */ = {isa = PBXBuildFile; fileRef = 38A967592FFE93E2003852A2 /* NotificationService.appex */; settings = {ATTRIBUTES = (RemoveHeadersOnCopy, ); }; };
		38CAC29E2FFB941600C5FA15 /* MenuDragDrop.swift in Sources */ = {isa = PBXBuildFile; fileRef = 38CAC29D2FFB941000C5FA15 /* MenuDragDrop.swift */; };
/* End PBXBuildFile section */

/* Begin PBXContainerItemProxy section */
		38A9675E2FFE93E2003852A2 /* PBXContainerItemProxy */ = {
			isa = PBXContainerItemProxy;
			containerPortal = 38AE5D0F2FF15ED8008CA9A7 /* Project object */;
			proxyType = 1;
			remoteGlobalIDString = 38A967582FFE93E2003852A2;
			remoteInfo = NotificationService;
		};
		38AE5D252FF15EDA008CA9A7 /* PBXContainerItemProxy */ = {
			isa = PBXContainerItemProxy;
			containerPortal = 38AE5D0F2FF15ED8008CA9A7 /* Project object */;
			proxyType = 1;
			remoteGlobalIDString = 38AE5D162FF15ED8008CA9A7;
			remoteInfo = OpenAITextToSpeech;
		};
		38AE5D2F2FF15EDA008CA9A7 /* PBXContainerItemProxy */ = {
			isa = PBXContainerItemProxy;
			containerPortal = 38AE5D0F2FF15ED8008CA9A7 /* Project object */;
			proxyType = 1;
			remoteGlobalIDString = 38AE5D162FF15ED8008CA9A7;
			remoteInfo = OpenAITextToSpeech;
		};
/* End PBXContainerItemProxy section */

/* Begin PBXCopyFilesBuildPhase section */
		380D97012FF275D300247EA7 /* Embed Foundation Extensions */ = {
			isa = PBXCopyFilesBuildPhase;
			buildActionMask = 2147483647;
			dstPath = "";
			dstSubfolderSpec = 13;
			files = (
				38A967602FFE93E2003852A2 /* NotificationService.appex in Embed Foundation Extensions */,
			);
			name = "Embed Foundation Extensions";
			runOnlyForDeploymentPostprocessing = 0;
		};
/* End PBXCopyFilesBuildPhase section */

/* Begin PBXFileReference section */
		389F77F12FFA63C200ADD710 /* Localizable.xcstrings */ = {isa = PBXFileReference; lastKnownFileType = text.json.xcstrings; path = Localizable.xcstrings; sourceTree = "<group>"; };
		38A967592FFE93E2003852A2 /* NotificationService.appex */ = {isa = PBXFileReference; explicitFileType = "wrapper.app-extension"; includeInIndex = 0; path = NotificationService.appex; sourceTree = BUILT_PRODUCTS_DIR; };
		38AE5D172FF15ED8008CA9A7 /* OpenAITextToSpeech.app */ = {isa = PBXFileReference; explicitFileType = wrapper.application; includeInIndex = 0; path = OpenAITextToSpeech.app; sourceTree = BUILT_PRODUCTS_DIR; };
		38AE5D242FF15EDA008CA9A7 /* OpenAITextToSpeechTests.xctest */ = {isa = PBXFileReference; explicitFileType = wrapper.cfbundle; includeInIndex = 0; path = OpenAITextToSpeechTests.xctest; sourceTree = BUILT_PRODUCTS_DIR; };
		38AE5D2E2FF15EDA008CA9A7 /* OpenAITextToSpeechUITests.xctest */ = {isa = PBXFileReference; explicitFileType = wrapper.cfbundle; includeInIndex = 0; path = OpenAITextToSpeechUITests.xctest; sourceTree = BUILT_PRODUCTS_DIR; };
		38CAC29D2FFB941000C5FA15 /* MenuDragDrop.swift */ = {isa = PBXFileReference; lastKnownFileType = sourcecode.swift; path = MenuDragDrop.swift; sourceTree = "<group>"; };
/* End PBXFileReference section */

/* Begin PBXFileSystemSynchronizedBuildFileExceptionSet section */
		380D954C2FF2738600247EA7 /* Exceptions for "OpenAITextToSpeech" folder in "OpenAITextToSpeech" target */ = {
			isa = PBXFileSystemSynchronizedBuildFileExceptionSet;
			membershipExceptions = (
				Info.plist,
			);
			target = 38AE5D162FF15ED8008CA9A7 /* OpenAITextToSpeech */;
		};
		38A967642FFE93E2003852A2 /* Exceptions for "NotificationService" folder in "NotificationService" target */ = {
			isa = PBXFileSystemSynchronizedBuildFileExceptionSet;
			membershipExceptions = (
				Info.plist,
			);
			target = 38A967582FFE93E2003852A2 /* NotificationService */;
		};
/* End PBXFileSystemSynchronizedBuildFileExceptionSet section */

/* Begin PBXFileSystemSynchronizedRootGroup section */
		38A9675A2FFE93E2003852A2 /* NotificationService */ = {
			isa = PBXFileSystemSynchronizedRootGroup;
			exceptions = (
				38A967642FFE93E2003852A2 /* Exceptions for "NotificationService" folder in "NotificationService" target */,
			);
			path = NotificationService;
			sourceTree = "<group>";
		};
		38AE5D192FF15ED8008CA9A7 /* OpenAITextToSpeech */ = {
			isa = PBXFileSystemSynchronizedRootGroup;
			exceptions = (
				380D954C2FF2738600247EA7 /* Exceptions for "OpenAITextToSpeech" folder in "OpenAITextToSpeech" target */,
			);
			path = OpenAITextToSpeech;
			sourceTree = "<group>";
		};
		38AE5D272FF15EDA008CA9A7 /* OpenAITextToSpeechTests */ = {
			isa = PBXFileSystemSynchronizedRootGroup;
			path = OpenAITextToSpeechTests;
			sourceTree = "<group>";
		};
		38AE5D312FF15EDA008CA9A7 /* OpenAITextToSpeechUITests */ = {
			isa = PBXFileSystemSynchronizedRootGroup;
			path = OpenAITextToSpeechUITests;
			sourceTree = "<group>";
		};
/* End PBXFileSystemSynchronizedRootGroup section */

/* Begin PBXFrameworksBuildPhase section */
		38A967562FFE93E2003852A2 /* Frameworks */ = {
			isa = PBXFrameworksBuildPhase;
			buildActionMask = 2147483647;
			files = (
			);
			runOnlyForDeploymentPostprocessing = 0;
		};
		38AE5D142FF15ED8008CA9A7 /* Frameworks */ = {
			isa = PBXFrameworksBuildPhase;
			buildActionMask = 2147483647;
			files = (
				3842C2F62FF766CA003A9C6A /* Kingfisher in Frameworks */,
				3841D3F72FF667B5006A7D83 /* Swinject in Frameworks */,
			);
			runOnlyForDeploymentPostprocessing = 0;
		};
		38AE5D212FF15EDA008CA9A7 /* Frameworks */ = {
			isa = PBXFrameworksBuildPhase;
			buildActionMask = 2147483647;
			files = (
			);
			runOnlyForDeploymentPostprocessing = 0;
		};
		38AE5D2B2FF15EDA008CA9A7 /* Frameworks */ = {
			isa = PBXFrameworksBuildPhase;
			buildActionMask = 2147483647;
			files = (
			);
			runOnlyForDeploymentPostprocessing = 0;
		};
/* End PBXFrameworksBuildPhase section */

/* Begin PBXGroup section */
		38AE5D0E2FF15ED8008CA9A7 = {
			isa = PBXGroup;
			children = (
				38CAC29D2FFB941000C5FA15 /* MenuDragDrop.swift */,
				389F77F12FFA63C200ADD710 /* Localizable.xcstrings */,
				38AE5D192FF15ED8008CA9A7 /* OpenAITextToSpeech */,
				38AE5D272FF15EDA008CA9A7 /* OpenAITextToSpeechTests */,
				38AE5D312FF15EDA008CA9A7 /* OpenAITextToSpeechUITests */,
				38A9675A2FFE93E2003852A2 /* NotificationService */,
				38AE5D182FF15ED8008CA9A7 /* Products */,
			);
			sourceTree = "<group>";
		};
		38AE5D182FF15ED8008CA9A7 /* Products */ = {
			isa = PBXGroup;
			children = (
				38AE5D172FF15ED8008CA9A7 /* OpenAITextToSpeech.app */,
				38AE5D242FF15EDA008CA9A7 /* OpenAITextToSpeechTests.xctest */,
				38AE5D2E2FF15EDA008CA9A7 /* OpenAITextToSpeechUITests.xctest */,
				38A967592FFE93E2003852A2 /* NotificationService.appex */,
			);
			name = Products;
			sourceTree = "<group>";
		};
/* End PBXGroup section */

/* Begin PBXNativeTarget section */
		38A967582FFE93E2003852A2 /* NotificationService */ = {
			isa = PBXNativeTarget;
			buildConfigurationList = 38A967612FFE93E2003852A2 /* Build configuration list for PBXNativeTarget "NotificationService" */;
			buildPhases = (
				38A967552FFE93E2003852A2 /* Sources */,
				38A967562FFE93E2003852A2 /* Frameworks */,
				38A967572FFE93E2003852A2 /* Resources */,
			);
			buildRules = (
			);
			dependencies = (
			);
			fileSystemSynchronizedGroups = (
				38A9675A2FFE93E2003852A2 /* NotificationService */,
			);
			name = NotificationService;
			packageProductDependencies = (
			);
			productName = NotificationService;
			productReference = 38A967592FFE93E2003852A2 /* NotificationService.appex */;
			productType = "com.apple.product-type.app-extension";
		};
		38AE5D162FF15ED8008CA9A7 /* OpenAITextToSpeech */ = {
			isa = PBXNativeTarget;
			buildConfigurationList = 38AE5D382FF15EDA008CA9A7 /* Build configuration list for PBXNativeTarget "OpenAITextToSpeech" */;
			buildPhases = (
				38AE5D132FF15ED8008CA9A7 /* Sources */,
				38AE5D142FF15ED8008CA9A7 /* Frameworks */,
				38AE5D152FF15ED8008CA9A7 /* Resources */,
				380D97012FF275D300247EA7 /* Embed Foundation Extensions */,
			);
			buildRules = (
			);
			dependencies = (
				38A9675F2FFE93E2003852A2 /* PBXTargetDependency */,
			);
			fileSystemSynchronizedGroups = (
				38AE5D192FF15ED8008CA9A7 /* OpenAITextToSpeech */,
			);
			name = OpenAITextToSpeech;
			packageProductDependencies = (
				3841D3F62FF667B5006A7D83 /* Swinject */,
				3842C2F52FF766CA003A9C6A /* Kingfisher */,
			);
			productName = OpenAITextToSpeech;
			productReference = 38AE5D172FF15ED8008CA9A7 /* OpenAITextToSpeech.app */;
			productType = "com.apple.product-type.application";
		};
		38AE5D232FF15EDA008CA9A7 /* OpenAITextToSpeechTests */ = {
			isa = PBXNativeTarget;
			buildConfigurationList = 38AE5D3B2FF15EDA008CA9A7 /* Build configuration list for PBXNativeTarget "OpenAITextToSpeechTests" */;
			buildPhases = (
				38AE5D202FF15EDA008CA9A7 /* Sources */,
				38AE5D212FF15EDA008CA9A7 /* Frameworks */,
				38AE5D222FF15EDA008CA9A7 /* Resources */,
			);
			buildRules = (
			);
			dependencies = (
				38AE5D262FF15EDA008CA9A7 /* PBXTargetDependency */,
			);
			fileSystemSynchronizedGroups = (
				38AE5D272FF15EDA008CA9A7 /* OpenAITextToSpeechTests */,
			);
			name = OpenAITextToSpeechTests;
			packageProductDependencies = (
			);
			productName = OpenAITextToSpeechTests;
			productReference = 38AE5D242FF15EDA008CA9A7 /* OpenAITextToSpeechTests.xctest */;
			productType = "com.apple.product-type.bundle.unit-test";
		};
		38AE5D2D2FF15EDA008CA9A7 /* OpenAITextToSpeechUITests */ = {
			isa = PBXNativeTarget;
			buildConfigurationList = 38AE5D3E2FF15EDA008CA9A7 /* Build configuration list for PBXNativeTarget "OpenAITextToSpeechUITests" */;
			buildPhases = (
				38AE5D2A2FF15EDA008CA9A7 /* Sources */,
				38AE5D2B2FF15EDA008CA9A7 /* Frameworks */,
				38AE5D2C2FF15EDA008CA9A7 /* Resources */,
			);
			buildRules = (
			);
			dependencies = (
				38AE5D302FF15EDA008CA9A7 /* PBXTargetDependency */,
			);
			fileSystemSynchronizedGroups = (
				38AE5D312FF15EDA008CA9A7 /* OpenAITextToSpeechUITests */,
			);
			name = OpenAITextToSpeechUITests;
			packageProductDependencies = (
			);
			productName = OpenAITextToSpeechUITests;
			productReference = 38AE5D2E2FF15EDA008CA9A7 /* OpenAITextToSpeechUITests.xctest */;
			productType = "com.apple.product-type.bundle.ui-testing";
		};
/* End PBXNativeTarget section */

/* Begin PBXProject section */
		38AE5D0F2FF15ED8008CA9A7 /* Project object */ = {
			isa = PBXProject;
			attributes = {
				BuildIndependentTargetsInParallel = 1;
				LastSwiftUpdateCheck = 2650;
				LastUpgradeCheck = 2650;
				TargetAttributes = {
					38A967582FFE93E2003852A2 = {
						CreatedOnToolsVersion = 26.5;
					};
					38AE5D162FF15ED8008CA9A7 = {
						CreatedOnToolsVersion = 26.5;
					};
					38AE5D232FF15EDA008CA9A7 = {
						CreatedOnToolsVersion = 26.5;
						TestTargetID = 38AE5D162FF15ED8008CA9A7;
					};
					38AE5D2D2FF15EDA008CA9A7 = {
						CreatedOnToolsVersion = 26.5;
						TestTargetID = 38AE5D162FF15ED8008CA9A7;
					};
				};
			};
			buildConfigurationList = 38AE5D122FF15ED8008CA9A7 /* Build configuration list for PBXProject "OpenAITextToSpeech" */;
			developmentRegion = en;
			hasScannedForEncodings = 0;
			knownRegions = (
				en,
				Base,
				"km-KH",
			);
			mainGroup = 38AE5D0E2FF15ED8008CA9A7;
			minimizedProjectReferenceProxies = 1;
			packageReferences = (
				3841D3F52FF667B5006A7D83 /* XCRemoteSwiftPackageReference "swinject" */,
				3842C2F42FF766CA003A9C6A /* XCRemoteSwiftPackageReference "Kingfisher" */,
			);
			preferredProjectObjectVersion = 77;
			productRefGroup = 38AE5D182FF15ED8008CA9A7 /* Products */;
			projectDirPath = "";
			projectRoot = "";
			targets = (
				38AE5D162FF15ED8008CA9A7 /* OpenAITextToSpeech */,
				38AE5D232FF15EDA008CA9A7 /* OpenAITextToSpeechTests */,
				38AE5D2D2FF15EDA008CA9A7 /* OpenAITextToSpeechUITests */,
				38A967582FFE93E2003852A2 /* NotificationService */,
			);
		};
/* End PBXProject section */

/* Begin PBXResourcesBuildPhase section */
		38A967572FFE93E2003852A2 /* Resources */ = {
			isa = PBXResourcesBuildPhase;
			buildActionMask = 2147483647;
			files = (
			);
			runOnlyForDeploymentPostprocessing = 0;
		};
		38AE5D152FF15ED8008CA9A7 /* Resources */ = {
			isa = PBXResourcesBuildPhase;
			buildActionMask = 2147483647;
			files = (
				389F77F32FFA63C200ADD710 /* Localizable.xcstrings in Resources */,
			);
			runOnlyForDeploymentPostprocessing = 0;
		};
		38AE5D222FF15EDA008CA9A7 /* Resources */ = {
			isa = PBXResourcesBuildPhase;
			buildActionMask = 2147483647;
			files = (
			);
			runOnlyForDeploymentPostprocessing = 0;
		};
		38AE5D2C2FF15EDA008CA9A7 /* Resources */ = {
			isa = PBXResourcesBuildPhase;
			buildActionMask = 2147483647;
			files = (
			);
			runOnlyForDeploymentPostprocessing = 0;
		};
/* End PBXResourcesBuildPhase section */

/* Begin PBXSourcesBuildPhase section */
		38A967552FFE93E2003852A2 /* Sources */ = {
			isa = PBXSourcesBuildPhase;
			buildActionMask = 2147483647;
			files = (
			);
			runOnlyForDeploymentPostprocessing = 0;
		};
		38AE5D132FF15ED8008CA9A7 /* Sources */ = {
			isa = PBXSourcesBuildPhase;
			buildActionMask = 2147483647;
			files = (
				38CAC29E2FFB941600C5FA15 /* MenuDragDrop.swift in Sources */,
			);
			runOnlyForDeploymentPostprocessing = 0;
		};
		38AE5D202FF15EDA008CA9A7 /* Sources */ = {
			isa = PBXSourcesBuildPhase;
			buildActionMask = 2147483647;
			files = (
			);
			runOnlyForDeploymentPostprocessing = 0;
		};
		38AE5D2A2FF15EDA008CA9A7 /* Sources */ = {
			isa = PBXSourcesBuildPhase;
			buildActionMask = 2147483647;
			files = (
			);
			runOnlyForDeploymentPostprocessing = 0;
		};
/* End PBXSourcesBuildPhase section */

/* Begin PBXTargetDependency section */
		38A9675F2FFE93E2003852A2 /* PBXTargetDependency */ = {
			isa = PBXTargetDependency;
			target = 38A967582FFE93E2003852A2 /* NotificationService */;
			targetProxy = 38A9675E2FFE93E2003852A2 /* PBXContainerItemProxy */;
		};
		38AE5D262FF15EDA008CA9A7 /* PBXTargetDependency */ = {
			isa = PBXTargetDependency;
			target = 38AE5D162FF15ED8008CA9A7 /* OpenAITextToSpeech */;
			targetProxy = 38AE5D252FF15EDA008CA9A7 /* PBXContainerItemProxy */;
		};
		38AE5D302FF15EDA008CA9A7 /* PBXTargetDependency */ = {
			isa = PBXTargetDependency;
			target = 38AE5D162FF15ED8008CA9A7 /* OpenAITextToSpeech */;
			targetProxy = 38AE5D2F2FF15EDA008CA9A7 /* PBXContainerItemProxy */;
		};
/* End PBXTargetDependency section */

/* Begin XCBuildConfiguration section */
		38A967622FFE93E2003852A2 /* Debug */ = {
			isa = XCBuildConfiguration;
			buildSettings = {
				CODE_SIGN_ENTITLEMENTS = NotificationService/NotificationService.entitlements;
				CODE_SIGN_IDENTITY = "Apple Development";
				CODE_SIGN_STYLE = Automatic;
				CURRENT_PROJECT_VERSION = 1;
				DEVELOPMENT_TEAM = NBSAW3G27X;
				GENERATE_INFOPLIST_FILE = YES;
				INFOPLIST_FILE = NotificationService/Info.plist;
				INFOPLIST_KEY_CFBundleDisplayName = NotificationService;
				INFOPLIST_KEY_NSHumanReadableCopyright = "";
				LD_RUNPATH_SEARCH_PATHS = (
					"$(inherited)",
					"@executable_path/Frameworks",
					"@executable_path/../../Frameworks",
				);
				MARKETING_VERSION = 1.0;
				PRODUCT_BUNDLE_IDENTIFIER = com.chipmongbank.bankingapp.uat.NotificationService;
				PRODUCT_NAME = "$(TARGET_NAME)";
				SKIP_INSTALL = YES;
				STRING_CATALOG_GENERATE_SYMBOLS = YES;
				SWIFT_APPROACHABLE_CONCURRENCY = YES;
				SWIFT_EMIT_LOC_STRINGS = YES;
				SWIFT_UPCOMING_FEATURE_MEMBER_IMPORT_VISIBILITY = YES;
				SWIFT_VERSION = 5.0;
				TARGETED_DEVICE_FAMILY = "1,2";
			};
			name = Debug;
		};
		38A967632FFE93E2003852A2 /* Release */ = {
			isa = XCBuildConfiguration;
			buildSettings = {
				CODE_SIGN_ENTITLEMENTS = NotificationService/NotificationService.entitlements;
				CODE_SIGN_IDENTITY = "Apple Development";
				CODE_SIGN_STYLE = Automatic;
				CURRENT_PROJECT_VERSION = 1;
				DEVELOPMENT_TEAM = NBSAW3G27X;
				GENERATE_INFOPLIST_FILE = YES;
				INFOPLIST_FILE = NotificationService/Info.plist;
				INFOPLIST_KEY_CFBundleDisplayName = NotificationService;
				INFOPLIST_KEY_NSHumanReadableCopyright = "";
				LD_RUNPATH_SEARCH_PATHS = (
					"$(inherited)",
					"@executable_path/Frameworks",
					"@executable_path/../../Frameworks",
				);
				MARKETING_VERSION = 1.0;
				PRODUCT_BUNDLE_IDENTIFIER = com.chipmongbank.bankingapp.uat.NotificationService;
				PRODUCT_NAME = "$(TARGET_NAME)";
				SKIP_INSTALL = YES;
				STRING_CATALOG_GENERATE_SYMBOLS = YES;
				SWIFT_APPROACHABLE_CONCURRENCY = YES;
				SWIFT_EMIT_LOC_STRINGS = YES;
				SWIFT_UPCOMING_FEATURE_MEMBER_IMPORT_VISIBILITY = YES;
				SWIFT_VERSION = 5.0;
				TARGETED_DEVICE_FAMILY = "1,2";
			};
			name = Release;
		};
		38AE5D362FF15EDA008CA9A7 /* Debug */ = {
			isa = XCBuildConfiguration;
			buildSettings = {
				ALWAYS_SEARCH_USER_PATHS = NO;
				ASSETCATALOG_COMPILER_GENERATE_SWIFT_ASSET_SYMBOL_EXTENSIONS = YES;
				CLANG_ANALYZER_NONNULL = YES;
				CLANG_ANALYZER_NUMBER_OBJECT_CONVERSION = YES_AGGRESSIVE;
				CLANG_CXX_LANGUAGE_STANDARD = "gnu++20";
				CLANG_ENABLE_MODULES = YES;
				CLANG_ENABLE_OBJC_ARC = YES;
				CLANG_ENABLE_OBJC_WEAK = YES;
				CLANG_WARN_BLOCK_CAPTURE_AUTORELEASING = YES;
				CLANG_WARN_BOOL_CONVERSION = YES;
				CLANG_WARN_COMMA = YES;
				CLANG_WARN_CONSTANT_CONVERSION = YES;
				CLANG_WARN_DEPRECATED_OBJC_IMPLEMENTATIONS = YES;
				CLANG_WARN_DIRECT_OBJC_ISA_USAGE = YES_ERROR;
				CLANG_WARN_DOCUMENTATION_COMMENTS = YES;
				CLANG_WARN_EMPTY_BODY = YES;
				CLANG_WARN_ENUM_CONVERSION = YES;
				CLANG_WARN_INFINITE_RECURSION = YES;
				CLANG_WARN_INT_CONVERSION = YES;
				CLANG_WARN_NON_LITERAL_NULL_CONVERSION = YES;
				CLANG_WARN_OBJC_IMPLICIT_RETAIN_SELF = YES;
				CLANG_WARN_OBJC_LITERAL_CONVERSION = YES;
				CLANG_WARN_OBJC_ROOT_CLASS = YES_ERROR;
				CLANG_WARN_QUOTED_INCLUDE_IN_FRAMEWORK_HEADER = YES;
				CLANG_WARN_RANGE_LOOP_ANALYSIS = YES;
				CLANG_WARN_STRICT_PROTOTYPES = YES;
				CLANG_WARN_SUSPICIOUS_MOVE = YES;
				CLANG_WARN_UNGUARDED_AVAILABILITY = YES_AGGRESSIVE;
				CLANG_WARN_UNREACHABLE_CODE = YES;
				CLANG_WARN__DUPLICATE_METHOD_MATCH = YES;
				COPY_PHASE_STRIP = NO;
				DEBUG_INFORMATION_FORMAT = dwarf;
				DEVELOPMENT_TEAM = H48V353M64;
				ENABLE_STRICT_OBJC_MSGSEND = YES;
				ENABLE_TESTABILITY = YES;
				ENABLE_USER_SCRIPT_SANDBOXING = YES;
				GCC_C_LANGUAGE_STANDARD = gnu17;
				GCC_DYNAMIC_NO_PIC = NO;
				GCC_NO_COMMON_BLOCKS = YES;
				GCC_OPTIMIZATION_LEVEL = 0;
				GCC_PREPROCESSOR_DEFINITIONS = (
					"DEBUG=1",
					"$(inherited)",
				);
				GCC_WARN_64_TO_32_BIT_CONVERSION = YES;
				GCC_WARN_ABOUT_RETURN_TYPE = YES_ERROR;
				GCC_WARN_UNDECLARED_SELECTOR = YES;
				GCC_WARN_UNINITIALIZED_AUTOS = YES_AGGRESSIVE;
				GCC_WARN_UNUSED_FUNCTION = YES;
				GCC_WARN_UNUSED_VARIABLE = YES;
				IPHONEOS_DEPLOYMENT_TARGET = 26.5;
				LOCALIZATION_PREFERS_STRING_CATALOGS = YES;
				MTL_ENABLE_DEBUG_INFO = INCLUDE_SOURCE;
				MTL_FAST_MATH = YES;
				ONLY_ACTIVE_ARCH = YES;
				SDKROOT = iphoneos;
				SWIFT_ACTIVE_COMPILATION_CONDITIONS = "DEBUG $(inherited)";
				SWIFT_EMIT_LOC_STRINGS = YES;
				SWIFT_OPTIMIZATION_LEVEL = "-Onone";
			};
			name = Debug;
		};
		38AE5D372FF15EDA008CA9A7 /* Release */ = {
			isa = XCBuildConfiguration;
			buildSettings = {
				ALWAYS_SEARCH_USER_PATHS = NO;
				ASSETCATALOG_COMPILER_GENERATE_SWIFT_ASSET_SYMBOL_EXTENSIONS = YES;
				CLANG_ANALYZER_NONNULL = YES;
				CLANG_ANALYZER_NUMBER_OBJECT_CONVERSION = YES_AGGRESSIVE;
				CLANG_CXX_LANGUAGE_STANDARD = "gnu++20";
				CLANG_ENABLE_MODULES = YES;
				CLANG_ENABLE_OBJC_ARC = YES;
				CLANG_ENABLE_OBJC_WEAK = YES;
				CLANG_WARN_BLOCK_CAPTURE_AUTORELEASING = YES;
				CLANG_WARN_BOOL_CONVERSION = YES;
				CLANG_WARN_COMMA = YES;
				CLANG_WARN_CONSTANT_CONVERSION = YES;
				CLANG_WARN_DEPRECATED_OBJC_IMPLEMENTATIONS = YES;
				CLANG_WARN_DIRECT_OBJC_ISA_USAGE = YES_ERROR;
				CLANG_WARN_DOCUMENTATION_COMMENTS = YES;
				CLANG_WARN_EMPTY_BODY = YES;
				CLANG_WARN_ENUM_CONVERSION = YES;
				CLANG_WARN_INFINITE_RECURSION = YES;
				CLANG_WARN_INT_CONVERSION = YES;
				CLANG_WARN_NON_LITERAL_NULL_CONVERSION = YES;
				CLANG_WARN_OBJC_IMPLICIT_RETAIN_SELF = YES;
				CLANG_WARN_OBJC_LITERAL_CONVERSION = YES;
				CLANG_WARN_OBJC_ROOT_CLASS = YES_ERROR;
				CLANG_WARN_QUOTED_INCLUDE_IN_FRAMEWORK_HEADER = YES;
				CLANG_WARN_RANGE_LOOP_ANALYSIS = YES;
				CLANG_WARN_STRICT_PROTOTYPES = YES;
				CLANG_WARN_SUSPICIOUS_MOVE = YES;
				CLANG_WARN_UNGUARDED_AVAILABILITY = YES_AGGRESSIVE;
				CLANG_WARN_UNREACHABLE_CODE = YES;
				CLANG_WARN__DUPLICATE_METHOD_MATCH = YES;
				COPY_PHASE_STRIP = NO;
				DEBUG_INFORMATION_FORMAT = "dwarf-with-dsym";
				DEVELOPMENT_TEAM = H48V353M64;
				ENABLE_NS_ASSERTIONS = NO;
				ENABLE_STRICT_OBJC_MSGSEND = YES;
				ENABLE_USER_SCRIPT_SANDBOXING = YES;
				GCC_C_LANGUAGE_STANDARD = gnu17;
				GCC_NO_COMMON_BLOCKS = YES;
				GCC_WARN_64_TO_32_BIT_CONVERSION = YES;
				GCC_WARN_ABOUT_RETURN_TYPE = YES_ERROR;
				GCC_WARN_UNDECLARED_SELECTOR = YES;
				GCC_WARN_UNINITIALIZED_AUTOS = YES_AGGRESSIVE;
				GCC_WARN_UNUSED_FUNCTION = YES;
				GCC_WARN_UNUSED_VARIABLE = YES;
				IPHONEOS_DEPLOYMENT_TARGET = 26.5;
				LOCALIZATION_PREFERS_STRING_CATALOGS = YES;
				MTL_ENABLE_DEBUG_INFO = NO;
				MTL_FAST_MATH = YES;
				SDKROOT = iphoneos;
				SWIFT_COMPILATION_MODE = wholemodule;
				SWIFT_EMIT_LOC_STRINGS = YES;
				VALIDATE_PRODUCT = YES;
			};
			name = Release;
		};
		38AE5D392FF15EDA008CA9A7 /* Debug */ = {
			isa = XCBuildConfiguration;
			buildSettings = {
				ASSETCATALOG_COMPILER_APPICON_NAME = AppIcon;
				ASSETCATALOG_COMPILER_GLOBAL_ACCENT_COLOR_NAME = AccentColor;
				CODE_SIGN_ENTITLEMENTS = OpenAITextToSpeech/OpenAITextToSpeech.entitlements;
				CODE_SIGN_IDENTITY = "Apple Development";
				CODE_SIGN_STYLE = Automatic;
				CURRENT_PROJECT_VERSION = 1;
				DEVELOPMENT_ASSET_PATHS = "";
				DEVELOPMENT_TEAM = NBSAW3G27X;
				ENABLE_PREVIEWS = YES;
				GENERATE_INFOPLIST_FILE = YES;
				INFOPLIST_FILE = OpenAITextToSpeech/Info.plist;
				INFOPLIST_KEY_UIApplicationSceneManifest_Generation = YES;
				INFOPLIST_KEY_UIApplicationSupportsIndirectInputEvents = YES;
				INFOPLIST_KEY_UILaunchScreen_Generation = YES;
				INFOPLIST_KEY_UISupportedInterfaceOrientations_iPad = "UIInterfaceOrientationPortrait UIInterfaceOrientationPortraitUpsideDown UIInterfaceOrientationLandscapeLeft UIInterfaceOrientationLandscapeRight";
				INFOPLIST_KEY_UISupportedInterfaceOrientations_iPhone = "UIInterfaceOrientationPortrait UIInterfaceOrientationLandscapeLeft UIInterfaceOrientationLandscapeRight";
				IPHONEOS_DEPLOYMENT_TARGET = 18;
				LD_RUNPATH_SEARCH_PATHS = (
					"$(inherited)",
					"@executable_path/Frameworks",
				);
				MARKETING_VERSION = 1.0;
				PRODUCT_BUNDLE_IDENTIFIER = com.chipmongbank.bankingapp.uat;
				PRODUCT_NAME = "$(TARGET_NAME)";
				PROVISIONING_PROFILE_SPECIFIER = "";
				STRING_CATALOG_GENERATE_SYMBOLS = YES;
				SWIFT_APPROACHABLE_CONCURRENCY = YES;
				SWIFT_DEFAULT_ACTOR_ISOLATION = MainActor;
				SWIFT_EMIT_LOC_STRINGS = YES;
				SWIFT_UPCOMING_FEATURE_MEMBER_IMPORT_VISIBILITY = YES;
				SWIFT_VERSION = 5.0;
				TARGETED_DEVICE_FAMILY = "1,2";
			};
			name = Debug;
		};
		38AE5D3A2FF15EDA008CA9A7 /* Release */ = {
			isa = XCBuildConfiguration;
			buildSettings = {
				ASSETCATALOG_COMPILER_APPICON_NAME = AppIcon;
				ASSETCATALOG_COMPILER_GLOBAL_ACCENT_COLOR_NAME = AccentColor;
				CODE_SIGN_ENTITLEMENTS = OpenAITextToSpeech/OpenAITextToSpeech.entitlements;
				CODE_SIGN_IDENTITY = "Apple Development";
				CODE_SIGN_STYLE = Automatic;
				CURRENT_PROJECT_VERSION = 1;
				DEVELOPMENT_ASSET_PATHS = "";
				DEVELOPMENT_TEAM = NBSAW3G27X;
				ENABLE_PREVIEWS = YES;
				GENERATE_INFOPLIST_FILE = YES;
				INFOPLIST_FILE = OpenAITextToSpeech/Info.plist;
				INFOPLIST_KEY_UIApplicationSceneManifest_Generation = YES;
				INFOPLIST_KEY_UIApplicationSupportsIndirectInputEvents = YES;
				INFOPLIST_KEY_UILaunchScreen_Generation = YES;
				INFOPLIST_KEY_UISupportedInterfaceOrientations_iPad = "UIInterfaceOrientationPortrait UIInterfaceOrientationPortraitUpsideDown UIInterfaceOrientationLandscapeLeft UIInterfaceOrientationLandscapeRight";
				INFOPLIST_KEY_UISupportedInterfaceOrientations_iPhone = "UIInterfaceOrientationPortrait UIInterfaceOrientationLandscapeLeft UIInterfaceOrientationLandscapeRight";
				IPHONEOS_DEPLOYMENT_TARGET = 18;
				LD_RUNPATH_SEARCH_PATHS = (
					"$(inherited)",
					"@executable_path/Frameworks",
				);
				MARKETING_VERSION = 1.0;
				PRODUCT_BUNDLE_IDENTIFIER = com.chipmongbank.bankingapp.uat;
				PRODUCT_NAME = "$(TARGET_NAME)";
				PROVISIONING_PROFILE_SPECIFIER = "";
				STRING_CATALOG_GENERATE_SYMBOLS = YES;
				SWIFT_APPROACHABLE_CONCURRENCY = YES;
				SWIFT_DEFAULT_ACTOR_ISOLATION = MainActor;
				SWIFT_EMIT_LOC_STRINGS = YES;
				SWIFT_UPCOMING_FEATURE_MEMBER_IMPORT_VISIBILITY = YES;
				SWIFT_VERSION = 5.0;
				TARGETED_DEVICE_FAMILY = "1,2";
			};
			name = Release;
		};
		38AE5D3C2FF15EDA008CA9A7 /* Debug */ = {
			isa = XCBuildConfiguration;
			buildSettings = {
				BUNDLE_LOADER = "$(TEST_HOST)";
				CODE_SIGN_STYLE = Automatic;
				CURRENT_PROJECT_VERSION = 1;
				DEVELOPMENT_TEAM = H48V353M64;
				GENERATE_INFOPLIST_FILE = YES;
				IPHONEOS_DEPLOYMENT_TARGET = 26.5;
				MARKETING_VERSION = 1.0;
				PRODUCT_BUNDLE_IDENTIFIER = "com.chipmongbank.openai-tts.OpenAITextToSpeechTests";
				PRODUCT_NAME = "$(TARGET_NAME)";
				STRING_CATALOG_GENERATE_SYMBOLS = NO;
				SWIFT_APPROACHABLE_CONCURRENCY = YES;
				SWIFT_EMIT_LOC_STRINGS = NO;
				SWIFT_UPCOMING_FEATURE_MEMBER_IMPORT_VISIBILITY = YES;
				SWIFT_VERSION = 5.0;
				TARGETED_DEVICE_FAMILY = "1,2";
				TEST_HOST = "$(BUILT_PRODUCTS_DIR)/OpenAITextToSpeech.app/$(BUNDLE_EXECUTABLE_FOLDER_PATH)/OpenAITextToSpeech";
			};
			name = Debug;
		};
		38AE5D3D2FF15EDA008CA9A7 /* Release */ = {
			isa = XCBuildConfiguration;
			buildSettings = {
				BUNDLE_LOADER = "$(TEST_HOST)";
				CODE_SIGN_STYLE = Automatic;
				CURRENT_PROJECT_VERSION = 1;
				DEVELOPMENT_TEAM = H48V353M64;
				GENERATE_INFOPLIST_FILE = YES;
				IPHONEOS_DEPLOYMENT_TARGET = 26.5;
				MARKETING_VERSION = 1.0;
				PRODUCT_BUNDLE_IDENTIFIER = "com.chipmongbank.openai-tts.OpenAITextToSpeechTests";
				PRODUCT_NAME = "$(TARGET_NAME)";
				STRING_CATALOG_GENERATE_SYMBOLS = NO;
				SWIFT_APPROACHABLE_CONCURRENCY = YES;
				SWIFT_EMIT_LOC_STRINGS = NO;
				SWIFT_UPCOMING_FEATURE_MEMBER_IMPORT_VISIBILITY = YES;
				SWIFT_VERSION = 5.0;
				TARGETED_DEVICE_FAMILY = "1,2";
				TEST_HOST = "$(BUILT_PRODUCTS_DIR)/OpenAITextToSpeech.app/$(BUNDLE_EXECUTABLE_FOLDER_PATH)/OpenAITextToSpeech";
			};
			name = Release;
		};
		38AE5D3F2FF15EDA008CA9A7 /* Debug */ = {
			isa = XCBuildConfiguration;
			buildSettings = {
				CODE_SIGN_STYLE = Automatic;
				CURRENT_PROJECT_VERSION = 1;
				DEVELOPMENT_TEAM = H48V353M64;
				GENERATE_INFOPLIST_FILE = YES;
				MARKETING_VERSION = 1.0;
				PRODUCT_BUNDLE_IDENTIFIER = "com.chipmongbank.openai-tts.OpenAITextToSpeechUITests";
				PRODUCT_NAME = "$(TARGET_NAME)";
				STRING_CATALOG_GENERATE_SYMBOLS = NO;
				SWIFT_APPROACHABLE_CONCURRENCY = YES;
				SWIFT_EMIT_LOC_STRINGS = NO;
				SWIFT_UPCOMING_FEATURE_MEMBER_IMPORT_VISIBILITY = YES;
				SWIFT_VERSION = 5.0;
				TARGETED_DEVICE_FAMILY = "1,2";
				TEST_TARGET_NAME = OpenAITextToSpeech;
			};
			name = Debug;
		};
		38AE5D402FF15EDA008CA9A7 /* Release */ = {
			isa = XCBuildConfiguration;
			buildSettings = {
				CODE_SIGN_STYLE = Automatic;
				CURRENT_PROJECT_VERSION = 1;
				DEVELOPMENT_TEAM = H48V353M64;
				GENERATE_INFOPLIST_FILE = YES;
				MARKETING_VERSION = 1.0;
				PRODUCT_BUNDLE_IDENTIFIER = "com.chipmongbank.openai-tts.OpenAITextToSpeechUITests";
				PRODUCT_NAME = "$(TARGET_NAME)";
				STRING_CATALOG_GENERATE_SYMBOLS = NO;
				SWIFT_APPROACHABLE_CONCURRENCY = YES;
				SWIFT_EMIT_LOC_STRINGS = NO;
				SWIFT_UPCOMING_FEATURE_MEMBER_IMPORT_VISIBILITY = YES;
				SWIFT_VERSION = 5.0;
				TARGETED_DEVICE_FAMILY = "1,2";
				TEST_TARGET_NAME = OpenAITextToSpeech;
			};
			name = Release;
		};
/* End XCBuildConfiguration section */

/* Begin XCConfigurationList section */
		38A967612FFE93E2003852A2 /* Build configuration list for PBXNativeTarget "NotificationService" */ = {
			isa = XCConfigurationList;
			buildConfigurations = (
				38A967622FFE93E2003852A2 /* Debug */,
				38A967632FFE93E2003852A2 /* Release */,
			);
			defaultConfigurationIsVisible = 0;
			defaultConfigurationName = Release;
		};
		38AE5D122FF15ED8008CA9A7 /* Build configuration list for PBXProject "OpenAITextToSpeech" */ = {
			isa = XCConfigurationList;
			buildConfigurations = (
				38AE5D362FF15EDA008CA9A7 /* Debug */,
				38AE5D372FF15EDA008CA9A7 /* Release */,
			);
			defaultConfigurationIsVisible = 0;
			defaultConfigurationName = Release;
		};
		38AE5D382FF15EDA008CA9A7 /* Build configuration list for PBXNativeTarget "OpenAITextToSpeech" */ = {
			isa = XCConfigurationList;
			buildConfigurations = (
				38AE5D392FF15EDA008CA9A7 /* Debug */,
				38AE5D3A2FF15EDA008CA9A7 /* Release */,
			);
			defaultConfigurationIsVisible = 0;
			defaultConfigurationName = Release;
		};
		38AE5D3B2FF15EDA008CA9A7 /* Build configuration list for PBXNativeTarget "OpenAITextToSpeechTests" */ = {
			isa = XCConfigurationList;
			buildConfigurations = (
				38AE5D3C2FF15EDA008CA9A7 /* Debug */,
				38AE5D3D2FF15EDA008CA9A7 /* Release */,
			);
			defaultConfigurationIsVisible = 0;
			defaultConfigurationName = Release;
		};
		38AE5D3E2FF15EDA008CA9A7 /* Build configuration list for PBXNativeTarget "OpenAITextToSpeechUITests" */ = {
			isa = XCConfigurationList;
			buildConfigurations = (
				38AE5D3F2FF15EDA008CA9A7 /* Debug */,
				38AE5D402FF15EDA008CA9A7 /* Release */,
			);
			defaultConfigurationIsVisible = 0;
			defaultConfigurationName = Release;
		};
/* End XCConfigurationList section */

/* Begin XCRemoteSwiftPackageReference section */
		3841D3F52FF667B5006A7D83 /* XCRemoteSwiftPackageReference "swinject" */ = {
			isa = XCRemoteSwiftPackageReference;
			repositoryURL = "https://github.com/swinject/swinject";
			requirement = {
				kind = upToNextMajorVersion;
				minimumVersion = 2.10.0;
			};
		};
		3842C2F42FF766CA003A9C6A /* XCRemoteSwiftPackageReference "Kingfisher" */ = {
			isa = XCRemoteSwiftPackageReference;
			repositoryURL = "https://github.com/onevcat/Kingfisher.git";
			requirement = {
				kind = upToNextMajorVersion;
				minimumVersion = 8.10.0;
			};
		};
/* End XCRemoteSwiftPackageReference section */

/* Begin XCSwiftPackageProductDependency section */
		3841D3F62FF667B5006A7D83 /* Swinject */ = {
			isa = XCSwiftPackageProductDependency;
			package = 3841D3F52FF667B5006A7D83 /* XCRemoteSwiftPackageReference "swinject" */;
			productName = Swinject;
		};
		3842C2F52FF766CA003A9C6A /* Kingfisher */ = {
			isa = XCSwiftPackageProductDependency;
			package = 3842C2F42FF766CA003A9C6A /* XCRemoteSwiftPackageReference "Kingfisher" */;
			productName = Kingfisher;
		};
/* End XCSwiftPackageProductDependency section */
	};
	rootObject = 38AE5D0F2FF15ED8008CA9A7 /* Project object */;
}
